
Microsoft Visual Studio Solution File, Format Version 12.00
# Visual Studio Version 17
VisualStudioVersion = 17.0.31611.283
MinimumVisualStudioVersion = 10.0.40219.1
Project("{9A19103F-16F7-4668-BE54-9A1E7A4F7556}") = "MathLems", "MathLems\MathLems.csproj", "{AB103B50-6436-43D5-A2BB-C96930CAA5CC}"
EndProject
Project("{9A19103F-16F7-4668-BE54-9A1E7A4F7556}") = "MathLemsAPI", "MathLemsAPI\MathLemsAPI.csproj", "{D2C6E309-14B2-4985-8605-BA34FB474087}"
EndProject
Project("{FAE04EC0-301F-11D3-BF4B-00C04F79EFBC}") = "MathLems.Framework", "MathLems.Framework\MathLems.Framework.csproj", "{C1A4A0DE-5DC8-4730-BF8F-CDF8FDA6F0D4}"
EndProject
Global
	GlobalSection(SolutionConfigurationPlatforms) = preSolution
		Debug|Any CPU = Debug|Any CPU
		Release|Any CPU = Release|Any CPU
	EndGlobalSection
	GlobalSection(ProjectConfigurationPlatforms) = postSolution
		{AB103B50-6436-43D5-A2BB-C96930CAA5CC}.Debug|Any CPU.ActiveCfg = Debug|Any CPU
		{AB103B50-6436-43D5-A2BB-C96930CAA5CC}.Debug|Any CPU.Build.0 = Debug|Any CPU
		{AB103B50-6436-43D5-A2BB-C96930CAA5CC}.Debug|Any CPU.Deploy.0 = Debug|Any CPU
		{AB103B50-6436-43D5-A2BB-C96930CAA5CC}.Release|Any CPU.ActiveCfg = Release|Any CPU
		{AB103B50-6436-43D5-A2BB-C96930CAA5CC}.Release|Any CPU.Build.0 = Release|Any CPU
		{AB103B50-6436-43D5-A2BB-C96930CAA5CC}.Release|Any CPU.Deploy.0 = Release|Any CPU
		{D2C6E309-14B2-4985-8605-BA34FB474087}.Debug|Any CPU.ActiveCfg = Debug|Any CPU
		{D2C6E309-14B2-4985-8605-BA34FB474087}.Debug|Any CPU.Build.0 = Debug|Any CPU
		{D2C6E309-14B2-4985-8605-BA34FB474087}.Release|Any CPU.ActiveCfg = Release|Any CPU
		{D2C6E309-14B2-4985-8605-BA34FB474087}.Release|Any CPU.Build.0 = Release|Any CPU
		{C1A4A0DE-5DC8-4730-BF8F-CDF8FDA6F0D4}.Debug|Any CPU.ActiveCfg = Debug|Any CPU
		{C1A4A0DE-5DC8-4730-BF8F-CDF8FDA6F0D4}.Debug|Any CPU.Build.0 = Debug|Any CPU
		{C1A4A0DE-5DC8-4730-BF8F-CDF8FDA6F0D4}.Release|Any CPU.ActiveCfg = Release|Any CPU
		{C1A4A0DE-5DC8-4730-BF8F-CDF8FDA6F0D4}.Release|Any CPU.Build.0 = Release|Any CPU
	EndGlobalSection
	GlobalSection(SolutionProperties) = preSolution
		HideSolutionNode = FALSE
	EndGlobalSection
	GlobalSection(ExtensibilityGlobals) = postSolution
		SolutionGuid = {61F7FB11-1E47-470C-91E2-47F8143E1572}
	EndGlobalSection
EndGlobal
